// !$*UTF8*$!
{
	archiveVersion = 1;
	classes = {
	};
	objectVersion = 56;
	objects = {

/* Begin PBXBuildFile section */
		7B8D18152C237F8C00118148 /* twitter_cloneApp.swift in Sources */ = {isa = PBXBuildFile; fileRef = 7B8D18142C237F8C00118148 /* twitter_cloneApp.swift */; };
		7B8D18172C237F8C00118148 /* ContentView.swift in Sources */ = {isa = PBXBuildFile; fileRef = 7B8D18162C237F8C00118148 /* ContentView.swift */; };
		7B8D18192C237F8D00118148 /* Assets.xcassets in Resources */ = {isa = PBXBuildFile; fileRef = 7B8D18182C237F8D00118148 /* Assets.xcassets */; };
		7B8D181D2C237F8D00118148 /* Preview Assets.xcassets in Resources */ = {isa = PBXBuildFile; fileRef = 7B8D181C2C237F8D00118148 /* Preview Assets.xcassets */; };
		7B8D18272C237F8E00118148 /* twitter_cloneTests.swift in Sources */ = {isa = PBXBuildFile; fileRef = 7B8D18262C237F8E00118148 /* twitter_cloneTests.swift */; };
		7B8D18312C237F8E00118148 /* twitter_cloneUITests.swift in Sources */ = {isa = PBXBuildFile; fileRef = 7B8D18302C237F8E00118148 /* twitter_cloneUITests.swift */; };
		7B8D18332C237F8E00118148 /* twitter_cloneUITestsLaunchTests.swift in Sources */ = {isa = PBXBuildFile; fileRef = 7B8D18322C237F8E00118148 /* twitter_cloneUITestsLaunchTests.swift */; };
		7BA42BC62C24E52200C160FD /* LoginView.swift in Sources */ = {isa = PBXBuildFile; fileRef = 7BA42BC52C24E52200C160FD /* LoginView.swift */; };
/* End PBXBuildFile section */

/* Begin PBXContainerItemProxy section */
		7B8D18232C237F8E00118148 /* PBXContainerItemProxy */ = {
			isa = PBXContainerItemProxy;
			containerPortal = 7B8D18092C237F8C00118148 /* Project object */;
			proxyType = 1;
			remoteGlobalIDString = 7B8D18102C237F8C00118148;
			remoteInfo = "twitter-clone";
		};
		7B8D182D2C237F8E00118148 /* PBXContainerItemProxy */ = {
			isa = PBXContainerItemProxy;
			containerPortal = 7B8D18092C237F8C00118148 /* Project object */;
			proxyType = 1;
			remoteGlobalIDString = 7B8D18102C237F8C00118148;
			remoteInfo = "twitter-clone";
		};
/* End PBXContainerItemProxy section */

/* Begin PBXFileReference section */
		7B8D18112C237F8C00118148 /* twitter-clone.app */ = {isa = PBXFileReference; explicitFileType = wrapper.application; includeInIndex = 0; path = "twitter-clone.app"; sourceTree = BUILT_PRODUCTS_DIR; };
		7B8D18142C237F8C00118148 /* twitter_cloneApp.swift */ = {isa = PBXFileReference; lastKnownFileType = sourcecode.swift; path = twitter_cloneApp.swift; sourceTree = "<group>"; };
		7B8D18162C237F8C00118148 /* ContentView.swift */ = {isa = PBXFileReference; lastKnownFileType = sourcecode.swift; path = ContentView.swift; sourceTree = "<group>"; };
		7B8D18182C237F8D00118148 /* Assets.xcassets */ = {isa = PBXFileReference; lastKnownFileType = folder.assetcatalog; path = Assets.xcassets; sourceTree = "<group>"; };
		7B8D181A2C237F8D00118148 /* twitter_clone.entitlements */ = {isa = PBXFileReference; lastKnownFileType = text.plist.entitlements; path = twitter_clone.entitlements; sourceTree = "<group>"; };
		7B8D181C2C237F8D00118148 /* Preview Assets.xcassets */ = {isa = PBXFileReference; lastKnownFileType = folder.assetcatalog; path = "Preview Assets.xcassets"; sourceTree = "<group>"; };
		7B8D18222C237F8E00118148 /* twitter-cloneTests.xctest */ = {isa = PBXFileReference; explicitFileType = wrapper.cfbundle; includeInIndex = 0; path = "twitter-cloneTests.xctest"; sourceTree = BUILT_PRODUCTS_DIR; };
		7B8D18262C237F8E00118148 /* twitter_cloneTests.swift */ = {isa = PBXFileReference; lastKnownFileType = sourcecode.swift; path = twitter_cloneTests.swift; sourceTree = "<group>"; };
		7B8D182C2C237F8E00118148 /* twitter-cloneUITests.xctest */ = {isa = PBXFileReference; explicitFileType = wrapper.cfbundle; includeInIndex = 0; path = "twitter-cloneUITests.xctest"; sourceTree = BUILT_PRODUCTS_DIR; };
		7B8D18302C237F8E00118148 /* twitter_cloneUITests.swift */ = {isa = PBXFileReference; lastKnownFileType = sourcecode.swift; path = twitter_cloneUITests.swift; sourceTree = "<group>"; };
		7B8D18322C237F8E00118148 /* twitter_cloneUITestsLaunchTests.swift */ = {isa = PBXFileReference; lastKnownFileType = sourcecode.swift; path = twitter_cloneUITestsLaunchTests.swift; sourceTree = "<group>"; };
		7BA42BC52C24E52200C160FD /* LoginView.swift */ = {isa = PBXFileReference; lastKnownFileType = sourcecode.swift; path = LoginView.swift; sourceTree = "<group>"; };
/* End PBXFileReference section */

/* Begin PBXFrameworksBuildPhase section */
		7B8D180E2C237F8C00118148 /* Frameworks */ = {
			isa = PBXFrameworksBuildPhase;
			buildActionMask = 2147483647;
			files = (
			);
			runOnlyForDeploymentPostprocessing = 0;
		};
		7B8D181F2C237F8E00118148 /* Frameworks */ = {
			isa = PBXFrameworksBuildPhase;
			buildActionMask = 2147483647;
			files = (
			);
			runOnlyForDeploymentPostprocessing = 0;
		};
		7B8D18292C237F8E00118148 /* Frameworks */ = {
			isa = PBXFrameworksBuildPhase;
			buildActionMask = 2147483647;
			files = (
			);
			runOnlyForDeploymentPostprocessing = 0;
		};
/* End PBXFrameworksBuildPhase section */

/* Begin PBXGroup section */
		7B8D18082C237F8C00118148 = {
			isa = PBXGroup;
			children = (
				7B8D18132C237F8C00118148 /* twitter-clone */,
				7B8D18252C237F8E00118148 /* twitter-cloneTests */,
				7B8D182F2C237F8E00118148 /* twitter-cloneUITests */,
				7B8D18122C237F8C00118148 /* Products */,
			);
			sourceTree = "<group>";
		};
		7B8D18122C237F8C00118148 /* Products */ = {
			isa = PBXGroup;
			children = (
				7B8D18112C237F8C00118148 /* twitter-clone.app */,
				7B8D18222C237F8E00118148 /* twitter-cloneTests.xctest */,
				7B8D182C2C237F8E00118148 /* twitter-cloneUITests.xctest */,
			);
			name = Products;
			sourceTree = "<group>";
		};
		7B8D18132C237F8C00118148 /* twitter-clone */ = {
			isa = PBXGroup;
			children = (
				7B8D18442C23862300118148 /* Models */,
				7B8D18432C23862000118148 /* ViewModels */,
				7B8D18422C23861E00118148 /* Services */,
				7B8D18412C23861A00118148 /* Utilities */,
				7B8D18402C23861700118148 /* Views */,
				7B8D18142C237F8C00118148 /* twitter_cloneApp.swift */,
				7B8D18162C237F8C00118148 /* ContentView.swift */,
				7B8D18182C237F8D00118148 /* Assets.xcassets */,
				7B8D181A2C237F8D00118148 /* twitter_clone.entitlements */,
				7B8D181B2C237F8D00118148 /* Preview Content */,
			);
			path = "twitter-clone";
			sourceTree = "<group>";
		};
		7B8D181B2C237F8D00118148 /* Preview Content */ = {
			isa = PBXGroup;
			children = (
				7B8D181C2C237F8D00118148 /* Preview Assets.xcassets */,
			);
			path = "Preview Content";
			sourceTree = "<group>";
		};
		7B8D18252C237F8E00118148 /* twitter-cloneTests */ = {
			isa = PBXGroup;
			children = (
				7B8D18262C237F8E00118148 /* twitter_cloneTests.swift */,
			);
			path = "twitter-cloneTests";
			sourceTree = "<group>";
		};
		7B8D182F2C237F8E00118148 /* twitter-cloneUITests */ = {
			isa = PBXGroup;
			children = (
				7B8D18302C237F8E00118148 /* twitter_cloneUITests.swift */,
				7B8D18322C237F8E00118148 /* twitter_cloneUITestsLaunchTests.swift */,
			);
			path = "twitter-cloneUITests";
			sourceTree = "<group>";
		};
		7B8D18402C23861700118148 /* Views */ = {
			isa = PBXGroup;
			children = (
				7BA42BC52C24E52200C160FD /* LoginView.swift */,
			);
			path = Views;
			sourceTree = "<group>";
		};
		7B8D18412C23861A00118148 /* Utilities */ = {
			isa = PBXGroup;
			children = (
			);
			path = Utilities;
			sourceTree = "<group>";
		};
		7B8D18422C23861E00118148 /* Services */ = {
			isa = PBXGroup;
			children = (
			);
			path = Services;
			sourceTree = "<group>";
		};
		7B8D18432C23862000118148 /* ViewModels */ = {
			isa = PBXGroup;
			children = (
			);
			path = ViewModels;
			sourceTree = "<group>";
		};
		7B8D18442C23862300118148 /* Models */ = {
			isa = PBXGroup;
			children = (
			);
			path = Models;
			sourceTree = "<group>";
		};
/* End PBXGroup section */

/* Begin PBXNativeTarget section */
		7B8D18102C237F8C00118148 /* twitter-clone */ = {
			isa = PBXNativeTarget;
			buildConfigurationList = 7B8D18362C237F8E00118148 /* Build configuration list for PBXNativeTarget "twitter-clone" */;
			buildPhases = (
				7B8D180D2C237F8C00118148 /* Sources */,
				7B8D180E2C237F8C00118148 /* Frameworks */,
				7B8D180F2C237F8C00118148 /* Resources */,
			);
			buildRules = (
			);
			dependencies = (
			);
			name = "twitter-clone";
			productName = "twitter-clone";
			productReference = 7B8D18112C237F8C00118148 /* twitter-clone.app */;
			productType = "com.apple.product-type.application";
		};
		7B8D18212C237F8E00118148 /* twitter-cloneTests */ = {
			isa = PBXNativeTarget;
			buildConfigurationList = 7B8D18392C237F8E00118148 /* Build configuration list for PBXNativeTarget "twitter-cloneTests" */;
			buildPhases = (
				7B8D181E2C237F8E00118148 /* Sources */,
				7B8D181F2C237F8E00118148 /* Frameworks */,
				7B8D18202C237F8E00118148 /* Resources */,
			);
			buildRules = (
			);
			dependencies = (
				7B8D18242C237F8E00118148 /* PBXTargetDependency */,
			);
			name = "twitter-cloneTests";
			productName = "twitter-cloneTests";
			productReference = 7B8D18222C237F8E00118148 /* twitter-cloneTests.xctest */;
			productType = "com.apple.product-type.bundle.unit-test";
		};
		7B8D182B2C237F8E00118148 /* twitter-cloneUITests */ = {
			isa = PBXNativeTarget;
			buildConfigurationList = 7B8D183C2C237F8E00118148 /* Build configuration list for PBXNativeTarget "twitter-cloneUITests" */;
			buildPhases = (
				7B8D18282C237F8E00118148 /* Sources */,
				7B8D18292C237F8E00118148 /* Frameworks */,
				7B8D182A2C237F8E00118148 /* Resources */,
			);
			buildRules = (
			);
			dependencies = (
				7B8D182E2C237F8E00118148 /* PBXTargetDependency */,
			);
			name = "twitter-cloneUITests";
			productName = "twitter-cloneUITests";
			productReference = 7B8D182C2C237F8E00118148 /* twitter-cloneUITests.xctest */;
			productType = "com.apple.product-type.bundle.ui-testing";
		};
/* End PBXNativeTarget section */

/* Begin PBXProject section */
		7B8D18092C237F8C00118148 /* Project object */ = {
			isa = PBXProject;
			attributes = {
				BuildIndependentTargetsInParallel = 1;
				LastSwiftUpdateCheck = 1530;
				LastUpgradeCheck = 1530;
				TargetAttributes = {
					7B8D18102C237F8C00118148 = {
						CreatedOnToolsVersion = 15.3;
					};
					7B8D18212C237F8E00118148 = {
						CreatedOnToolsVersion = 15.3;
						TestTargetID = 7B8D18102C237F8C00118148;
					};
					7B8D182B2C237F8E00118148 = {
						CreatedOnToolsVersion = 15.3;
						TestTargetID = 7B8D18102C237F8C00118148;
					};
				};
			};
			buildConfigurationList = 7B8D180C2C237F8C00118148 /* Build configuration list for PBXProject "twitter-clone" */;
			compatibilityVersion = "Xcode 14.0";
			developmentRegion = en;
			hasScannedForEncodings = 0;
			knownRegions = (
				en,
				Base,
			);
			mainGroup = 7B8D18082C237F8C00118148;
			productRefGroup = 7B8D18122C237F8C00118148 /* Products */;
			projectDirPath = "";
			projectRoot = "";
			targets = (
				7B8D18102C237F8C00118148 /* twitter-clone */,
				7B8D18212C237F8E00118148 /* twitter-cloneTests */,
				7B8D182B2C237F8E00118148 /* twitter-cloneUITests */,
			);
		};
/* End PBXProject section */

/* Begin PBXResourcesBuildPhase section */
		7B8D180F2C237F8C00118148 /* Resources */ = {
			isa = PBXResourcesBuildPhase;
			buildActionMask = 2147483647;
			files = (
				7B8D181D2C237F8D00118148 /* Preview Assets.xcassets in Resources */,
				7B8D18192C237F8D00118148 /* Assets.xcassets in Resources */,
			);
			runOnlyForDeploymentPostprocessing = 0;
		};
		7B8D18202C237F8E00118148 /* Resources */ = {
			isa = PBXResourcesBuildPhase;
			buildActionMask = 2147483647;
			files = (
			);
			runOnlyForDeploymentPostprocessing = 0;
		};
		7B8D182A2C237F8E00118148 /* Resources */ = {
			isa = PBXResourcesBuildPhase;
			buildActionMask = 2147483647;
			files = (
			);
			runOnlyForDeploymentPostprocessing = 0;
		};
/* End PBXResourcesBuildPhase section */

/* Begin PBXSourcesBuildPhase section */
		7B8D180D2C237F8C00118148 /* Sources */ = {
			isa = PBXSourcesBuildPhase;
			buildActionMask = 2147483647;
			files = (
				7BA42BC62C24E52200C160FD /* LoginView.swift in Sources */,
				7B8D18172C237F8C00118148 /* ContentView.swift in Sources */,
				7B8D18152C237F8C00118148 /* twitter_cloneApp.swift in Sources */,
			);
			runOnlyForDeploymentPostprocessing = 0;
		};
		7B8D181E2C237F8E00118148 /* Sources */ = {
			isa = PBXSourcesBuildPhase;
			buildActionMask = 2147483647;
			files = (
				7B8D18272C237F8E00118148 /* twitter_cloneTests.swift in Sources */,
			);
			runOnlyForDeploymentPostprocessing = 0;
		};
		7B8D18282C237F8E00118148 /* Sources */ = {
			isa = PBXSourcesBuildPhase;
			buildActionMask = 2147483647;
			files = (
				7B8D18332C237F8E00118148 /* twitter_cloneUITestsLaunchTests.swift in Sources */,
				7B8D18312C237F8E00118148 /* twitter_cloneUITests.swift in Sources */,
			);
			runOnlyForDeploymentPostprocessing = 0;
		};
/* End PBXSourcesBuildPhase section */

/* Begin PBXTargetDependency section */
		7B8D18242C237F8E00118148 /* PBXTargetDependency */ = {
			isa = PBXTargetDependency;
			target = 7B8D18102C237F8C00118148 /* twitter-clone */;
			targetProxy = 7B8D18232C237F8E00118148 /* PBXContainerItemProxy */;
		};
		7B8D182E2C237F8E00118148 /* PBXTargetDependency */ = {
			isa = PBXTargetDependency;
			target = 7B8D18102C237F8C00118148 /* twitter-clone */;
			targetProxy = 7B8D182D2C237F8E00118148 /* PBXContainerItemProxy */;
		};
/* End PBXTargetDependency section */

/* Begin XCBuildConfiguration section */
		7B8D18342C237F8E00118148 /* Debug */ = {
			isa = XCBuildConfiguration;
			buildSettings = {
				ALWAYS_SEARCH_USER_PATHS = NO;
				ASSETCATALOG_COMPILER_GENERATE_SWIFT_ASSET_SYMBOL_EXTENSIONS = YES;
				CLANG_ANALYZER_NONNULL = YES;
				CLANG_ANALYZER_NUMBER_OBJECT_CONVERSION = YES_AGGRESSIVE;
				CLANG_CXX_LANGUAGE_STANDARD = "gnu++20";
				CLANG_ENABLE_MODULES = YES;
				CLANG_ENABLE_OBJC_ARC = YES;
				CLANG_ENABLE_OBJC_WEAK = YES;
				CLANG_WARN_BLOCK_CAPTURE_AUTORELEASING = YES;
				CLANG_WARN_BOOL_CONVERSION = YES;
				CLANG_WARN_COMMA = YES;
				CLANG_WARN_CONSTANT_CONVERSION = YES;
				CLANG_WARN_DEPRECATED_OBJC_IMPLEMENTATIONS = YES;
				CLANG_WARN_DIRECT_OBJC_ISA_USAGE = YES_ERROR;
				CLANG_WARN_DOCUMENTATION_COMMENTS = YES;
				CLANG_WARN_EMPTY_BODY = YES;
				CLANG_WARN_ENUM_CONVERSION = YES;
				CLANG_WARN_INFINITE_RECURSION = YES;
				CLANG_WARN_INT_CONVERSION = YES;
				CLANG_WARN_NON_LITERAL_NULL_CONVERSION = YES;
				CLANG_WARN_OBJC_IMPLICIT_RETAIN_SELF = YES;
				CLANG_WARN_OBJC_LITERAL_CONVERSION = YES;
				CLANG_WARN_OBJC_ROOT_CLASS = YES_ERROR;
				CLANG_WARN_QUOTED_INCLUDE_IN_FRAMEWORK_HEADER = YES;
				CLANG_WARN_RANGE_LOOP_ANALYSIS = YES;
				CLANG_WARN_STRICT_PROTOTYPES = YES;
				CLANG_WARN_SUSPICIOUS_MOVE = YES;
				CLANG_WARN_UNGUARDED_AVAILABILITY = YES_AGGRESSIVE;
				CLANG_WARN_UNREACHABLE_CODE = YES;
				CLANG_WARN__DUPLICATE_METHOD_MATCH = YES;
				COPY_PHASE_STRIP = NO;
				DEBUG_INFORMATION_FORMAT = dwarf;
				ENABLE_STRICT_OBJC_MSGSEND = YES;
				ENABLE_TESTABILITY = YES;
				ENABLE_USER_SCRIPT_SANDBOXING = YES;
				GCC_C_LANGUAGE_STANDARD = gnu17;
				GCC_DYNAMIC_NO_PIC = NO;
				GCC_NO_COMMON_BLOCKS = YES;
				GCC_OPTIMIZATION_LEVEL = 0;
				GCC_PREPROCESSOR_DEFINITIONS = (
					"DEBUG=1",
					"$(inherited)",
				);
				GCC_WARN_64_TO_32_BIT_CONVERSION = YES;
				GCC_WARN_ABOUT_RETURN_TYPE = YES_ERROR;
				GCC_WARN_UNDECLARED_SELECTOR = YES;
				GCC_WARN_UNINITIALIZED_AUTOS = YES_AGGRESSIVE;
				GCC_WARN_UNUSED_FUNCTION = YES;
				GCC_WARN_UNUSED_VARIABLE = YES;
				LOCALIZATION_PREFERS_STRING_CATALOGS = YES;
				MTL_ENABLE_DEBUG_INFO = INCLUDE_SOURCE;
				MTL_FAST_MATH = YES;
				ONLY_ACTIVE_ARCH = YES;
				SWIFT_ACTIVE_COMPILATION_CONDITIONS = "DEBUG $(inherited)";
				SWIFT_OPTIMIZATION_LEVEL = "-Onone";
			};
			name = Debug;
		};
		7B8D18352C237F8E00118148 /* Release */ = {
			isa = XCBuildConfiguration;
			buildSettings = {
				ALWAYS_SEARCH_USER_PATHS = NO;
				ASSETCATALOG_COMPILER_GENERATE_SWIFT_ASSET_SYMBOL_EXTENSIONS = YES;
				CLANG_ANALYZER_NONNULL = YES;
				CLANG_ANALYZER_NUMBER_OBJECT_CONVERSION = YES_AGGRESSIVE;
				CLANG_CXX_LANGUAGE_STANDARD = "gnu++20";
				CLANG_ENABLE_MODULES = YES;
				CLANG_ENABLE_OBJC_ARC = YES;
				CLANG_ENABLE_OBJC_WEAK = YES;
				CLANG_WARN_BLOCK_CAPTURE_AUTORELEASING = YES;
				CLANG_WARN_BOOL_CONVERSION = YES;
				CLANG_WARN_COMMA = YES;
				CLANG_WARN_CONSTANT_CONVERSION = YES;
				CLANG_WARN_DEPRECATED_OBJC_IMPLEMENTATIONS = YES;
				CLANG_WARN_DIRECT_OBJC_ISA_USAGE = YES_ERROR;
				CLANG_WARN_DOCUMENTATION_COMMENTS = YES;
				CLANG_WARN_EMPTY_BODY = YES;
				CLANG_WARN_ENUM_CONVERSION = YES;
				CLANG_WARN_INFINITE_RECURSION = YES;
				CLANG_WARN_INT_CONVERSION = YES;
				CLANG_WARN_NON_LITERAL_NULL_CONVERSION = YES;
				CLANG_WARN_OBJC_IMPLICIT_RETAIN_SELF = YES;
				CLANG_WARN_OBJC_LITERAL_CONVERSION = YES;
				CLANG_WARN_OBJC_ROOT_CLASS = YES_ERROR;
				CLANG_WARN_QUOTED_INCLUDE_IN_FRAMEWORK_HEADER = YES;
				CLANG_WARN_RANGE_LOOP_ANALYSIS = YES;
				CLANG_WARN_STRICT_PROTOTYPES = YES;
				CLANG_WARN_SUSPICIOUS_MOVE = YES;
				CLANG_WARN_UNGUARDED_AVAILABILITY = YES_AGGRESSIVE;
				CLANG_WARN_UNREACHABLE_CODE = YES;
				CLANG_WARN__DUPLICATE_METHOD_MATCH = YES;
				COPY_PHASE_STRIP = NO;
				DEBUG_INFORMATION_FORMAT = "dwarf-with-dsym";
				ENABLE_NS_ASSERTIONS = NO;
				ENABLE_STRICT_OBJC_MSGSEND = YES;
				ENABLE_USER_SCRIPT_SANDBOXING = YES;
				GCC_C_LANGUAGE_STANDARD = gnu17;
				GCC_NO_COMMON_BLOCKS = YES;
				GCC_WARN_64_TO_32_BIT_CONVERSION = YES;
				GCC_WARN_ABOUT_RETURN_TYPE = YES_ERROR;
				GCC_WARN_UNDECLARED_SELECTOR = YES;
				GCC_WARN_UNINITIALIZED_AUTOS = YES_AGGRESSIVE;
				GCC_WARN_UNUSED_FUNCTION = YES;
				GCC_WARN_UNUSED_VARIABLE = YES;
				LOCALIZATION_PREFERS_STRING_CATALOGS = YES;
				MTL_ENABLE_DEBUG_INFO = NO;
				MTL_FAST_MATH = YES;
				SWIFT_COMPILATION_MODE = wholemodule;
			};
			name = Release;
		};
		7B8D18372C237F8E00118148 /* Debug */ = {
			isa = XCBuildConfiguration;
			buildSettings = {
				ASSETCATALOG_COMPILER_APPICON_NAME = AppIcon;
				ASSETCATALOG_COMPILER_GLOBAL_ACCENT_COLOR_NAME = AccentColor;
				CODE_SIGN_ENTITLEMENTS = "twitter-clone/twitter_clone.entitlements";
				CODE_SIGN_STYLE = Automatic;
				CURRENT_PROJECT_VERSION = 1;
				DEVELOPMENT_ASSET_PATHS = "\"twitter-clone/Preview Content\"";
				DEVELOPMENT_TEAM = 865BJWKQ64;
				ENABLE_HARDENED_RUNTIME = YES;
				ENABLE_PREVIEWS = YES;
				GENERATE_INFOPLIST_FILE = YES;
				"INFOPLIST_KEY_UIApplicationSceneManifest_Generation[sdk=iphoneos*]" = YES;
				"INFOPLIST_KEY_UIApplicationSceneManifest_Generation[sdk=iphonesimulator*]" = YES;
				"INFOPLIST_KEY_UIApplicationSupportsIndirectInputEvents[sdk=iphoneos*]" = YES;
				"INFOPLIST_KEY_UIApplicationSupportsIndirectInputEvents[sdk=iphonesimulator*]" = YES;
				"INFOPLIST_KEY_UILaunchScreen_Generation[sdk=iphoneos*]" = YES;
				"INFOPLIST_KEY_UILaunchScreen_Generation[sdk=iphonesimulator*]" = YES;
				"INFOPLIST_KEY_UIStatusBarStyle[sdk=iphoneos*]" = UIStatusBarStyleDefault;
				"INFOPLIST_KEY_UIStatusBarStyle[sdk=iphonesimulator*]" = UIStatusBarStyleDefault;
				INFOPLIST_KEY_UISupportedInterfaceOrientations_iPad = "UIInterfaceOrientationPortrait UIInterfaceOrientationPortraitUpsideDown UIInterfaceOrientationLandscapeLeft UIInterfaceOrientationLandscapeRight";
				INFOPLIST_KEY_UISupportedInterfaceOrientations_iPhone = "UIInterfaceOrientationPortrait UIInterfaceOrientationLandscapeLeft UIInterfaceOrientationLandscapeRight";
				IPHONEOS_DEPLOYMENT_TARGET = 17.4;
				LD_RUNPATH_SEARCH_PATHS = "@executable_path/Frameworks";
				"LD_RUNPATH_SEARCH_PATHS[sdk=macosx*]" = "@executable_path/../Frameworks";
				MACOSX_DEPLOYMENT_TARGET = 14.4;
				MARKETING_VERSION = 1.0;
				PRODUCT_BUNDLE_IDENTIFIER = "Batuhan.twitter-clone";
				PRODUCT_NAME = "$(TARGET_NAME)";
				SDKROOT = auto;
				SUPPORTED_PLATFORMS = "iphoneos iphonesimulator macosx";
				SWIFT_EMIT_LOC_STRINGS = YES;
				SWIFT_VERSION = 5.0;
				TARGETED_DEVICE_FAMILY = "1,2";
			};
			name = Debug;
		};
		7B8D18382C237F8E00118148 /* Release */ = {
			isa = XCBuildConfiguration;
			buildSettings = {
				ASSETCATALOG_COMPILER_APPICON_NAME = AppIcon;
				ASSETCATALOG_COMPILER_GLOBAL_ACCENT_COLOR_NAME = AccentColor;
				CODE_SIGN_ENTITLEMENTS = "twitter-clone/twitter_clone.entitlements";
				CODE_SIGN_STYLE = Automatic;
				CURRENT_PROJECT_VERSION = 1;
				DEVELOPMENT_ASSET_PATHS = "\"twitter-clone/Preview Content\"";
				DEVELOPMENT_TEAM = 865BJWKQ64;
				ENABLE_HARDENED_RUNTIME = YES;
				ENABLE_PREVIEWS = YES;
				GENERATE_INFOPLIST_FILE = YES;
				"INFOPLIST_KEY_UIApplicationSceneManifest_Generation[sdk=iphoneos*]" = YES;
				"INFOPLIST_KEY_UIApplicationSceneManifest_Generation[sdk=iphonesimulator*]" = YES;
				"INFOPLIST_KEY_UIApplicationSupportsIndirectInputEvents[sdk=iphoneos*]" = YES;
				"INFOPLIST_KEY_UIApplicationSupportsIndirectInputEvents[sdk=iphonesimulator*]" = YES;
				"INFOPLIST_KEY_UILaunchScreen_Generation[sdk=iphoneos*]" = YES;
				"INFOPLIST_KEY_UILaunchScreen_Generation[sdk=iphonesimulator*]" = YES;
				"INFOPLIST_KEY_UIStatusBarStyle[sdk=iphoneos*]" = UIStatusBarStyleDefault;
				"INFOPLIST_KEY_UIStatusBarStyle[sdk=iphonesimulator*]" = UIStatusBarStyleDefault;
				INFOPLIST_KEY_UISupportedInterfaceOrientations_iPad = "UIInterfaceOrientationPortrait UIInterfaceOrientationPortraitUpsideDown UIInterfaceOrientationLandscapeLeft UIInterfaceOrientationLandscapeRight";
				INFOPLIST_KEY_UISupportedInterfaceOrientations_iPhone = "UIInterfaceOrientationPortrait UIInterfaceOrientationLandscapeLeft UIInterfaceOrientationLandscapeRight";
				IPHONEOS_DEPLOYMENT_TARGET = 17.4;
				LD_RUNPATH_SEARCH_PATHS = "@executable_path/Frameworks";
				"LD_RUNPATH_SEARCH_PATHS[sdk=macosx*]" = "@executable_path/../Frameworks";
				MACOSX_DEPLOYMENT_TARGET = 14.4;
				MARKETING_VERSION = 1.0;
				PRODUCT_BUNDLE_IDENTIFIER = "Batuhan.twitter-clone";
				PRODUCT_NAME = "$(TARGET_NAME)";
				SDKROOT = auto;
				SUPPORTED_PLATFORMS = "iphoneos iphonesimulator macosx";
				SWIFT_EMIT_LOC_STRINGS = YES;
				SWIFT_VERSION = 5.0;
				TARGETED_DEVICE_FAMILY = "1,2";
			};
			name = Release;
		};
		7B8D183A2C237F8E00118148 /* Debug */ = {
			isa = XCBuildConfiguration;
			buildSettings = {
				ALWAYS_EMBED_SWIFT_STANDARD_LIBRARIES = YES;
				BUNDLE_LOADER = "$(TEST_HOST)";
				CODE_SIGN_STYLE = Automatic;
				CURRENT_PROJECT_VERSION = 1;
				DEVELOPMENT_TEAM = 865BJWKQ64;
				GENERATE_INFOPLIST_FILE = YES;
				IPHONEOS_DEPLOYMENT_TARGET = 17.4;
				MACOSX_DEPLOYMENT_TARGET = 14.4;
				MARKETING_VERSION = 1.0;
				PRODUCT_BUNDLE_IDENTIFIER = "Batuhan.twitter-cloneTests";
				PRODUCT_NAME = "$(TARGET_NAME)";
				SDKROOT = auto;
				SUPPORTED_PLATFORMS = "iphoneos iphonesimulator macosx";
				SWIFT_EMIT_LOC_STRINGS = NO;
				SWIFT_VERSION = 5.0;
				TARGETED_DEVICE_FAMILY = "1,2";
				TEST_HOST = "$(BUILT_PRODUCTS_DIR)/twitter-clone.app/$(BUNDLE_EXECUTABLE_FOLDER_PATH)/twitter-clone";
			};
			name = Debug;
		};
		7B8D183B2C237F8E00118148 /* Release */ = {
			isa = XCBuildConfiguration;
			buildSettings = {
				ALWAYS_EMBED_SWIFT_STANDARD_LIBRARIES = YES;
				BUNDLE_LOADER = "$(TEST_HOST)";
				CODE_SIGN_STYLE = Automatic;
				CURRENT_PROJECT_VERSION = 1;
				DEVELOPMENT_TEAM = 865BJWKQ64;
				GENERATE_INFOPLIST_FILE = YES;
				IPHONEOS_DEPLOYMENT_TARGET = 17.4;
				MACOSX_DEPLOYMENT_TARGET = 14.4;
				MARKETING_VERSION = 1.0;
				PRODUCT_BUNDLE_IDENTIFIER = "Batuhan.twitter-cloneTests";
				PRODUCT_NAME = "$(TARGET_NAME)";
				SDKROOT = auto;
				SUPPORTED_PLATFORMS = "iphoneos iphonesimulator macosx";
				SWIFT_EMIT_LOC_STRINGS = NO;
				SWIFT_VERSION = 5.0;
				TARGETED_DEVICE_FAMILY = "1,2";
				TEST_HOST = "$(BUILT_PRODUCTS_DIR)/twitter-clone.app/$(BUNDLE_EXECUTABLE_FOLDER_PATH)/twitter-clone";
			};
			name = Release;
		};
		7B8D183D2C237F8E00118148 /* Debug */ = {
			isa = XCBuildConfiguration;
			buildSettings = {
				ALWAYS_EMBED_SWIFT_STANDARD_LIBRARIES = YES;
				CODE_SIGN_STYLE = Automatic;
				CURRENT_PROJECT_VERSION = 1;
				DEVELOPMENT_TEAM = 865BJWKQ64;
				GENERATE_INFOPLIST_FILE = YES;
				IPHONEOS_DEPLOYMENT_TARGET = 17.4;
				MACOSX_DEPLOYMENT_TARGET = 14.4;
				MARKETING_VERSION = 1.0;
				PRODUCT_BUNDLE_IDENTIFIER = "Batuhan.twitter-cloneUITests";
				PRODUCT_NAME = "$(TARGET_NAME)";
				SDKROOT = auto;
				SUPPORTED_PLATFORMS = "iphoneos iphonesimulator macosx";
				SWIFT_EMIT_LOC_STRINGS = NO;
				SWIFT_VERSION = 5.0;
				TARGETED_DEVICE_FAMILY = "1,2";
				TEST_TARGET_NAME = "twitter-clone";
			};
			name = Debug;
		};
		7B8D183E2C237F8E00118148 /* Release */ = {
			isa = XCBuildConfiguration;
			buildSettings = {
				ALWAYS_EMBED_SWIFT_STANDARD_LIBRARIES = YES;
				CODE_SIGN_STYLE = Automatic;
				CURRENT_PROJECT_VERSION = 1;
				DEVELOPMENT_TEAM = 865BJWKQ64;
				GENERATE_INFOPLIST_FILE = YES;
				IPHONEOS_DEPLOYMENT_TARGET = 17.4;
				MACOSX_DEPLOYMENT_TARGET = 14.4;
				MARKETING_VERSION = 1.0;
				PRODUCT_BUNDLE_IDENTIFIER = "Batuhan.twitter-cloneUITests";
				PRODUCT_NAME = "$(TARGET_NAME)";
				SDKROOT = auto;
				SUPPORTED_PLATFORMS = "iphoneos iphonesimulator macosx";
				SWIFT_EMIT_LOC_STRINGS = NO;
				SWIFT_VERSION = 5.0;
				TARGETED_DEVICE_FAMILY = "1,2";
				TEST_TARGET_NAME = "twitter-clone";
			};
			name = Release;
		};
/* End XCBuildConfiguration section */

/* Begin XCConfigurationList section */
		7B8D180C2C237F8C00118148 /* Build configuration list for PBXProject "twitter-clone" */ = {
			isa = XCConfigurationList;
			buildConfigurations = (
				7B8D18342C237F8E00118148 /* Debug */,
				7B8D18352C237F8E00118148 /* Release */,
			);
			defaultConfigurationIsVisible = 0;
			defaultConfigurationName = Release;
		};
		7B8D18362C237F8E00118148 /* Build configuration list for PBXNativeTarget "twitter-clone" */ = {
			isa = XCConfigurationList;
			buildConfigurations = (
				7B8D18372C237F8E00118148 /* Debug */,
				7B8D18382C237F8E00118148 /* Release */,
			);
			defaultConfigurationIsVisible = 0;
			defaultConfigurationName = Release;
		};
		7B8D18392C237F8E00118148 /* Build configuration list for PBXNativeTarget "twitter-cloneTests" */ = {
			isa = XCConfigurationList;
			buildConfigurations = (
				7B8D183A2C237F8E00118148 /* Debug */,
				7B8D183B2C237F8E00118148 /* Release */,
			);
			defaultConfigurationIsVisible = 0;
			defaultConfigurationName = Release;
		};
		7B8D183C2C237F8E00118148 /* Build configuration list for PBXNativeTarget "twitter-cloneUITests" */ = {
			isa = XCConfigurationList;
			buildConfigurations = (
				7B8D183D2C237F8E00118148 /* Debug */,
				7B8D183E2C237F8E00118148 /* Release */,
			);
			defaultConfigurationIsVisible = 0;
			defaultConfigurationName = Release;
		};
/* End XCConfigurationList section */
	};
	rootObject = 7B8D18092C237F8C00118148 /* Project object */;
}
